{
  "version": 1,
  "bindings": {
    "koru/vaxis": {
      "path": "./vendored/vaxis",
      "tree": "sha256:a511111111111111111111111111111111111111111111111111111111111111",
      "files": {
        "README.md": "38ffe71173859c406fd866ae1ff95d74892462eeff098f0139a73a982831366e",
        "main.zig": "a500000000000000000000000000000000000000000000000000000000000000"
      }
    }
  }
}
